
Microsoft Visual Studio Solution File, Format Version 12.00
# Visual Studio Version 17
VisualStudioVersion = 17.14.36915.13 d17.14
MinimumVisualStudioVersion = 10.0.40219.1
Project("{FAE04EC0-301F-11D3-BF4B-00C04F79EFBC}") = "OOP03", "OOP03\OOP03.csproj", "{8BCBB4D6-1583-4150-B7CE-79081CFC1422}"
EndProject
Global
	GlobalSection(SolutionConfigurationPlatforms) = preSolution
		Debug|Any CPU = Debug|Any CPU
		Release|Any CPU = Release|Any CPU
	EndGlobalSection
	GlobalSection(ProjectConfigurationPlatforms) = postSolution
		{8BCBB4D6-1583-4150-B7CE-79081CFC1422}.Debug|Any CPU.ActiveCfg = Debug|Any CPU
		{8BCBB4D6-1583-4150-B7CE-79081CFC1422}.Debug|Any CPU.Build.0 = Debug|Any CPU
		{8BCBB4D6-1583-4150-B7CE-79081CFC1422}.Release|Any CPU.ActiveCfg = Release|Any CPU
		{8BCBB4D6-1583-4150-B7CE-79081CFC1422}.Release|Any CPU.Build.0 = Release|Any CPU
	EndGlobalSection
	GlobalSection(SolutionProperties) = preSolution
		HideSolutionNode = FALSE
	EndGlobalSection
	GlobalSection(ExtensibilityGlobals) = postSolution
		SolutionGuid = {BAED26F6-F0A7-44E3-A72B-ED80EC4B8ADC}
	EndGlobalSection
EndGlobal
